// !$*UTF8*$!
{
	archiveVersion = 1;
	classes = {
	};
	objectVersion = 46;
	objects = {

/* Begin PBXBuildFile section */
		2113C1DE1EBCBEEE0012DC10 /* RoutineVC.swift in Sources */ = {isa = PBXBuildFile; fileRef = 2113C1DD1EBCBEEE0012DC10 /* RoutineVC.swift */; };
		2113C1E01EBCBF930012DC10 /* Routine.swift in Sources */ = {isa = PBXBuildFile; fileRef = 2113C1DF1EBCBF930012DC10 /* Routine.swift */; };
		2113C1E21EBCD0C70012DC10 /* TaskCell.swift in Sources */ = {isa = PBXBuildFile; fileRef = 2113C1E11EBCD0C70012DC10 /* TaskCell.swift */; };
		2113C1E41EBCD7350012DC10 /* DoneCheckView.swift in Sources */ = {isa = PBXBuildFile; fileRef = 2113C1E31EBCD7350012DC10 /* DoneCheckView.swift */; };
		2113C1E61EBCF7AE0012DC10 /* RoutineDataCell.swift in Sources */ = {isa = PBXBuildFile; fileRef = 2113C1E51EBCF7AE0012DC10 /* RoutineDataCell.swift */; };
		216D42291EA0F97D009C83B1 /* AppDelegate.swift in Sources */ = {isa = PBXBuildFile; fileRef = 216D42281EA0F97D009C83B1 /* AppDelegate.swift */; };
		216D422E1EA0F97D009C83B1 /* Main.storyboard in Resources */ = {isa = PBXBuildFile; fileRef = 216D422C1EA0F97D009C83B1 /* Main.storyboard */; };
		216D42301EA0F97D009C83B1 /* Assets.xcassets in Resources */ = {isa = PBXBuildFile; fileRef = 216D422F1EA0F97D009C83B1 /* Assets.xcassets */; };
		216D42331EA0F97D009C83B1 /* LaunchScreen.storyboard in Resources */ = {isa = PBXBuildFile; fileRef = 216D42311EA0F97D009C83B1 /* LaunchScreen.storyboard */; };
		216D423B1EA0F9DF009C83B1 /* ContextVC.swift in Sources */ = {isa = PBXBuildFile; fileRef = 216D423A1EA0F9DF009C83B1 /* ContextVC.swift */; };
		216D423E1EA0FB3F009C83B1 /* Context.swift in Sources */ = {isa = PBXBuildFile; fileRef = 216D423D1EA0FB3F009C83B1 /* Context.swift */; };
		216D42421EA0FCF7009C83B1 /* Daily.swift in Sources */ = {isa = PBXBuildFile; fileRef = 216D42411EA0FCF7009C83B1 /* Daily.swift */; };
		216D42441EA10547009C83B1 /* ContextView.swift in Sources */ = {isa = PBXBuildFile; fileRef = 216D42431EA10547009C83B1 /* ContextView.swift */; };
		21BE6CAE1EA7E4ED00AEFD51 /* TaskCreation.storyboard in Resources */ = {isa = PBXBuildFile; fileRef = 21BE6CAD1EA7E4ED00AEFD51 /* TaskCreation.storyboard */; };
		21C86C051EBD0E08009BBC39 /* RoutineListVC.swift in Sources */ = {isa = PBXBuildFile; fileRef = 21C86C041EBD0E08009BBC39 /* RoutineListVC.swift */; };
		21D8B7771EAF9F75007BB7AE /* PraxsStyleKit.swift in Sources */ = {isa = PBXBuildFile; fileRef = 21D8B7761EAF9F75007BB7AE /* PraxsStyleKit.swift */; };
		21D8B7791EAF9FBD007BB7AE /* TopHandleView.swift in Sources */ = {isa = PBXBuildFile; fileRef = 21D8B7781EAF9FBD007BB7AE /* TopHandleView.swift */; };
		21D8B77B1EAFA9DA007BB7AE /* Colors.swift in Sources */ = {isa = PBXBuildFile; fileRef = 21D8B77A1EAFA9DA007BB7AE /* Colors.swift */; };
		514E13231EC351A6002691A3 /* TaskVC.swift in Sources */ = {isa = PBXBuildFile; fileRef = 514E13221EC351A6002691A3 /* TaskVC.swift */; };
		514E13251EC351B0002691A3 /* Task.swift in Sources */ = {isa = PBXBuildFile; fileRef = 514E13241EC351B0002691A3 /* Task.swift */; };
		514E13281EC351C7002691A3 /* EditTaskNameVC.swift in Sources */ = {isa = PBXBuildFile; fileRef = 514E13261EC351C7002691A3 /* EditTaskNameVC.swift */; };
		514E13291EC351C7002691A3 /* EditTaskTagVC.swift in Sources */ = {isa = PBXBuildFile; fileRef = 514E13271EC351C7002691A3 /* EditTaskTagVC.swift */; };
		514E132B1EC351FB002691A3 /* Utility.swift in Sources */ = {isa = PBXBuildFile; fileRef = 514E132A1EC351FB002691A3 /* Utility.swift */; };
/* End PBXBuildFile section */

/* Begin PBXFileReference section */
		2113C1DD1EBCBEEE0012DC10 /* RoutineVC.swift */ = {isa = PBXFileReference; fileEncoding = 4; lastKnownFileType = sourcecode.swift; path = RoutineVC.swift; sourceTree = "<group>"; };
		2113C1DF1EBCBF930012DC10 /* Routine.swift */ = {isa = PBXFileReference; fileEncoding = 4; lastKnownFileType = sourcecode.swift; path = Routine.swift; sourceTree = "<group>"; };
		2113C1E11EBCD0C70012DC10 /* TaskCell.swift */ = {isa = PBXFileReference; fileEncoding = 4; lastKnownFileType = sourcecode.swift; path = TaskCell.swift; sourceTree = "<group>"; };
		2113C1E31EBCD7350012DC10 /* DoneCheckView.swift */ = {isa = PBXFileReference; fileEncoding = 4; lastKnownFileType = sourcecode.swift; path = DoneCheckView.swift; sourceTree = "<group>"; };
		2113C1E51EBCF7AE0012DC10 /* RoutineDataCell.swift */ = {isa = PBXFileReference; fileEncoding = 4; lastKnownFileType = sourcecode.swift; path = RoutineDataCell.swift; sourceTree = "<group>"; };
		216D42251EA0F97D009C83B1 /* Praxs.app */ = {isa = PBXFileReference; explicitFileType = wrapper.application; includeInIndex = 0; path = Praxs.app; sourceTree = BUILT_PRODUCTS_DIR; };
		216D42281EA0F97D009C83B1 /* AppDelegate.swift */ = {isa = PBXFileReference; lastKnownFileType = sourcecode.swift; name = AppDelegate.swift; path = Praxs/AppDelegate.swift; sourceTree = "<group>"; };
		216D422D1EA0F97D009C83B1 /* Base */ = {isa = PBXFileReference; lastKnownFileType = file.storyboard; name = Base; path = Base.lproj/Main.storyboard; sourceTree = "<group>"; };
		216D422F1EA0F97D009C83B1 /* Assets.xcassets */ = {isa = PBXFileReference; lastKnownFileType = folder.assetcatalog; name = Assets.xcassets; path = Praxs/Assets.xcassets; sourceTree = "<group>"; };
		216D42321EA0F97D009C83B1 /* Base */ = {isa = PBXFileReference; lastKnownFileType = file.storyboard; name = Base; path = Base.lproj/LaunchScreen.storyboard; sourceTree = "<group>"; };
		216D42341EA0F97D009C83B1 /* Info.plist */ = {isa = PBXFileReference; lastKnownFileType = text.plist.xml; name = Info.plist; path = Praxs/Info.plist; sourceTree = "<group>"; };
		216D423A1EA0F9DF009C83B1 /* ContextVC.swift */ = {isa = PBXFileReference; fileEncoding = 4; lastKnownFileType = sourcecode.swift; path = ContextVC.swift; sourceTree = "<group>"; };
		216D423D1EA0FB3F009C83B1 /* Context.swift */ = {isa = PBXFileReference; fileEncoding = 4; lastKnownFileType = sourcecode.swift; path = Context.swift; sourceTree = "<group>"; };
		216D42411EA0FCF7009C83B1 /* Daily.swift */ = {isa = PBXFileReference; fileEncoding = 4; lastKnownFileType = sourcecode.swift; path = Daily.swift; sourceTree = "<group>"; };
		216D42431EA10547009C83B1 /* ContextView.swift */ = {isa = PBXFileReference; fileEncoding = 4; lastKnownFileType = sourcecode.swift; path = ContextView.swift; sourceTree = "<group>"; };
		21BE6CAD1EA7E4ED00AEFD51 /* TaskCreation.storyboard */ = {isa = PBXFileReference; fileEncoding = 4; lastKnownFileType = file.storyboard; name = TaskCreation.storyboard; path = ../TaskCreation.storyboard; sourceTree = "<group>"; };
		21C86C041EBD0E08009BBC39 /* RoutineListVC.swift */ = {isa = PBXFileReference; fileEncoding = 4; lastKnownFileType = sourcecode.swift; path = RoutineListVC.swift; sourceTree = "<group>"; };
		21D8B7761EAF9F75007BB7AE /* PraxsStyleKit.swift */ = {isa = PBXFileReference; fileEncoding = 4; lastKnownFileType = sourcecode.swift; name = PraxsStyleKit.swift; path = Praxs/PraxsStyleKit.swift; sourceTree = "<group>"; };
		21D8B7781EAF9FBD007BB7AE /* TopHandleView.swift */ = {isa = PBXFileReference; fileEncoding = 4; lastKnownFileType = sourcecode.swift; path = TopHandleView.swift; sourceTree = "<group>"; };
		21D8B77A1EAFA9DA007BB7AE /* Colors.swift */ = {isa = PBXFileReference; fileEncoding = 4; lastKnownFileType = sourcecode.swift; name = Colors.swift; path = Praxs/Colors.swift; sourceTree = "<group>"; };
		514E13221EC351A6002691A3 /* TaskVC.swift */ = {isa = PBXFileReference; fileEncoding = 4; lastKnownFileType = sourcecode.swift; path = TaskVC.swift; sourceTree = "<group>"; };
		514E13241EC351B0002691A3 /* Task.swift */ = {isa = PBXFileReference; fileEncoding = 4; lastKnownFileType = sourcecode.swift; path = Task.swift; sourceTree = "<group>"; };
		514E13261EC351C7002691A3 /* EditTaskNameVC.swift */ = {isa = PBXFileReference; fileEncoding = 4; lastKnownFileType = sourcecode.swift; path = EditTaskNameVC.swift; sourceTree = "<group>"; };
		514E13271EC351C7002691A3 /* EditTaskTagVC.swift */ = {isa = PBXFileReference; fileEncoding = 4; lastKnownFileType = sourcecode.swift; path = EditTaskTagVC.swift; sourceTree = "<group>"; };
		514E132A1EC351FB002691A3 /* Utility.swift */ = {isa = PBXFileReference; fileEncoding = 4; lastKnownFileType = sourcecode.swift; name = Utility.swift; path = Praxs/Utility.swift; sourceTree = "<group>"; };
/* End PBXFileReference section */

/* Begin PBXFrameworksBuildPhase section */
		216D42221EA0F97D009C83B1 /* Frameworks */ = {
			isa = PBXFrameworksBuildPhase;
			buildActionMask = 2147483647;
			files = (
			);
			runOnlyForDeploymentPostprocessing = 0;
		};
/* End PBXFrameworksBuildPhase section */

/* Begin PBXGroup section */
		2113C1DA1EBCB6D00012DC10 /* Model */ = {
			isa = PBXGroup;
			children = (
				216D423D1EA0FB3F009C83B1 /* Context.swift */,
				216D42411EA0FCF7009C83B1 /* Daily.swift */,
				2113C1DF1EBCBF930012DC10 /* Routine.swift */,
				514E13241EC351B0002691A3 /* Task.swift */,
			);
			name = Model;
			sourceTree = "<group>";
		};
		2113C1DB1EBCB7430012DC10 /* View */ = {
			isa = PBXGroup;
			children = (
				216D422C1EA0F97D009C83B1 /* Main.storyboard */,
				21BE6CAD1EA7E4ED00AEFD51 /* TaskCreation.storyboard */,
				216D42431EA10547009C83B1 /* ContextView.swift */,
				21D8B7781EAF9FBD007BB7AE /* TopHandleView.swift */,
				2113C1E31EBCD7350012DC10 /* DoneCheckView.swift */,
			);
			name = View;
			sourceTree = "<group>";
		};
		2113C1DC1EBCB7590012DC10 /* ViewControllers */ = {
			isa = PBXGroup;
			children = (
				216D423A1EA0F9DF009C83B1 /* ContextVC.swift */,
				2113C1DD1EBCBEEE0012DC10 /* RoutineVC.swift */,
				514E13221EC351A6002691A3 /* TaskVC.swift */,
				514E13261EC351C7002691A3 /* EditTaskNameVC.swift */,
				514E13271EC351C7002691A3 /* EditTaskTagVC.swift */,
				2113C1E11EBCD0C70012DC10 /* TaskCell.swift */,
				2113C1E51EBCF7AE0012DC10 /* RoutineDataCell.swift */,
				21C86C041EBD0E08009BBC39 /* RoutineListVC.swift */,
			);
			name = ViewControllers;
			sourceTree = "<group>";
		};
		216D421C1EA0F97C009C83B1 = {
			isa = PBXGroup;
			children = (
				216D42271EA0F97D009C83B1 /* Praxs */,
				216D42261EA0F97D009C83B1 /* Products */,
			);
			sourceTree = "<group>";
		};
		216D42261EA0F97D009C83B1 /* Products */ = {
			isa = PBXGroup;
			children = (
				216D42251EA0F97D009C83B1 /* Praxs.app */,
			);
			name = Products;
			sourceTree = "<group>";
		};
		216D42271EA0F97D009C83B1 /* Praxs */ = {
			isa = PBXGroup;
			children = (
				216D423C1EA0F9F6009C83B1 /* Supporting Files */,
				2113C1DA1EBCB6D00012DC10 /* Model */,
				2113C1DB1EBCB7430012DC10 /* View */,
				2113C1DC1EBCB7590012DC10 /* ViewControllers */,
			);
			path = Praxs;
			sourceTree = "<group>";
		};
		216D423C1EA0F9F6009C83B1 /* Supporting Files */ = {
			isa = PBXGroup;
			children = (
				21D8B7761EAF9F75007BB7AE /* PraxsStyleKit.swift */,
				21D8B77A1EAFA9DA007BB7AE /* Colors.swift */,
				216D42281EA0F97D009C83B1 /* AppDelegate.swift */,
				514E132A1EC351FB002691A3 /* Utility.swift */,
				216D422F1EA0F97D009C83B1 /* Assets.xcassets */,
				216D42311EA0F97D009C83B1 /* LaunchScreen.storyboard */,
				216D42341EA0F97D009C83B1 /* Info.plist */,
			);
			name = "Supporting Files";
			path = ..;
			sourceTree = "<group>";
		};
/* End PBXGroup section */

/* Begin PBXNativeTarget section */
		216D42241EA0F97D009C83B1 /* Praxs */ = {
			isa = PBXNativeTarget;
			buildConfigurationList = 216D42371EA0F97D009C83B1 /* Build configuration list for PBXNativeTarget "Praxs" */;
			buildPhases = (
				216D42211EA0F97D009C83B1 /* Sources */,
				216D42221EA0F97D009C83B1 /* Frameworks */,
				216D42231EA0F97D009C83B1 /* Resources */,
			);
			buildRules = (
			);
			dependencies = (
			);
			name = Praxs;
			productName = Praxs;
			productReference = 216D42251EA0F97D009C83B1 /* Praxs.app */;
			productType = "com.apple.product-type.application";
		};
/* End PBXNativeTarget section */

/* Begin PBXProject section */
		216D421D1EA0F97C009C83B1 /* Project object */ = {
			isa = PBXProject;
			attributes = {
				LastSwiftUpdateCheck = 0830;
				LastUpgradeCheck = 0830;
				ORGANIZATIONNAME = "Denis Ricard";
				TargetAttributes = {
					216D42241EA0F97D009C83B1 = {
						CreatedOnToolsVersion = 8.3.1;
						DevelopmentTeam = 7B656Y9UYB;
						ProvisioningStyle = Automatic;
					};
				};
			};
			buildConfigurationList = 216D42201EA0F97C009C83B1 /* Build configuration list for PBXProject "Praxs" */;
			compatibilityVersion = "Xcode 3.2";
			developmentRegion = English;
			hasScannedForEncodings = 0;
			knownRegions = (
				en,
				Base,
			);
			mainGroup = 216D421C1EA0F97C009C83B1;
			productRefGroup = 216D42261EA0F97D009C83B1 /* Products */;
			projectDirPath = "";
			projectRoot = "";
			targets = (
				216D42241EA0F97D009C83B1 /* Praxs */,
			);
		};
/* End PBXProject section */

/* Begin PBXResourcesBuildPhase section */
		216D42231EA0F97D009C83B1 /* Resources */ = {
			isa = PBXResourcesBuildPhase;
			buildActionMask = 2147483647;
			files = (
				216D42331EA0F97D009C83B1 /* LaunchScreen.storyboard in Resources */,
				216D42301EA0F97D009C83B1 /* Assets.xcassets in Resources */,
				21BE6CAE1EA7E4ED00AEFD51 /* TaskCreation.storyboard in Resources */,
				216D422E1EA0F97D009C83B1 /* Main.storyboard in Resources */,
			);
			runOnlyForDeploymentPostprocessing = 0;
		};
/* End PBXResourcesBuildPhase section */

/* Begin PBXSourcesBuildPhase section */
		216D42211EA0F97D009C83B1 /* Sources */ = {
			isa = PBXSourcesBuildPhase;
			buildActionMask = 2147483647;
			files = (
				2113C1E01EBCBF930012DC10 /* Routine.swift in Sources */,
				21C86C051EBD0E08009BBC39 /* RoutineListVC.swift in Sources */,
				216D42441EA10547009C83B1 /* ContextView.swift in Sources */,
				514E13231EC351A6002691A3 /* TaskVC.swift in Sources */,
				21D8B77B1EAFA9DA007BB7AE /* Colors.swift in Sources */,
				216D423E1EA0FB3F009C83B1 /* Context.swift in Sources */,
				514E132B1EC351FB002691A3 /* Utility.swift in Sources */,
				216D42421EA0FCF7009C83B1 /* Daily.swift in Sources */,
				216D423B1EA0F9DF009C83B1 /* ContextVC.swift in Sources */,
				514E13251EC351B0002691A3 /* Task.swift in Sources */,
				216D42291EA0F97D009C83B1 /* AppDelegate.swift in Sources */,
				2113C1E21EBCD0C70012DC10 /* TaskCell.swift in Sources */,
				21D8B7771EAF9F75007BB7AE /* PraxsStyleKit.swift in Sources */,
				2113C1E41EBCD7350012DC10 /* DoneCheckView.swift in Sources */,
				2113C1DE1EBCBEEE0012DC10 /* RoutineVC.swift in Sources */,
				21D8B7791EAF9FBD007BB7AE /* TopHandleView.swift in Sources */,
				514E13281EC351C7002691A3 /* EditTaskNameVC.swift in Sources */,
				514E13291EC351C7002691A3 /* EditTaskTagVC.swift in Sources */,
				2113C1E61EBCF7AE0012DC10 /* RoutineDataCell.swift in Sources */,
			);
			runOnlyForDeploymentPostprocessing = 0;
		};
/* End PBXSourcesBuildPhase section */

/* Begin PBXVariantGroup section */
		216D422C1EA0F97D009C83B1 /* Main.storyboard */ = {
			isa = PBXVariantGroup;
			children = (
				216D422D1EA0F97D009C83B1 /* Base */,
			);
			name = Main.storyboard;
			sourceTree = "<group>";
		};
		216D42311EA0F97D009C83B1 /* LaunchScreen.storyboard */ = {
			isa = PBXVariantGroup;
			children = (
				216D42321EA0F97D009C83B1 /* Base */,
			);
			name = LaunchScreen.storyboard;
			path = Praxs;
			sourceTree = "<group>";
		};
/* End PBXVariantGroup section */

/* Begin XCBuildConfiguration section */
		216D42351EA0F97D009C83B1 /* Debug */ = {
			isa = XCBuildConfiguration;
			buildSettings = {
				ALWAYS_SEARCH_USER_PATHS = NO;
				CLANG_ANALYZER_NONNULL = YES;
				CLANG_ANALYZER_NUMBER_OBJECT_CONVERSION = YES_AGGRESSIVE;
				CLANG_CXX_LANGUAGE_STANDARD = "gnu++0x";
				CLANG_CXX_LIBRARY = "libc++";
				CLANG_ENABLE_MODULES = YES;
				CLANG_ENABLE_OBJC_ARC = YES;
				CLANG_WARN_BOOL_CONVERSION = YES;
				CLANG_WARN_CONSTANT_CONVERSION = YES;
				CLANG_WARN_DIRECT_OBJC_ISA_USAGE = YES_ERROR;
				CLANG_WARN_DOCUMENTATION_COMMENTS = YES;
				CLANG_WARN_EMPTY_BODY = YES;
				CLANG_WARN_ENUM_CONVERSION = YES;
				CLANG_WARN_INFINITE_RECURSION = YES;
				CLANG_WARN_INT_CONVERSION = YES;
				CLANG_WARN_OBJC_ROOT_CLASS = YES_ERROR;
				CLANG_WARN_SUSPICIOUS_MOVE = YES;
				CLANG_WARN_UNREACHABLE_CODE = YES;
				CLANG_WARN__DUPLICATE_METHOD_MATCH = YES;
				"CODE_SIGN_IDENTITY[sdk=iphoneos*]" = "iPhone Developer";
				COPY_PHASE_STRIP = NO;
				DEBUG_INFORMATION_FORMAT = dwarf;
				ENABLE_STRICT_OBJC_MSGSEND = YES;
				ENABLE_TESTABILITY = YES;
				GCC_C_LANGUAGE_STANDARD = gnu99;
				GCC_DYNAMIC_NO_PIC = NO;
				GCC_NO_COMMON_BLOCKS = YES;
				GCC_OPTIMIZATION_LEVEL = 0;
				GCC_PREPROCESSOR_DEFINITIONS = (
					"DEBUG=1",
					"$(inherited)",
				);
				GCC_WARN_64_TO_32_BIT_CONVERSION = YES;
				GCC_WARN_ABOUT_RETURN_TYPE = YES_ERROR;
				GCC_WARN_UNDECLARED_SELECTOR = YES;
				GCC_WARN_UNINITIALIZED_AUTOS = YES_AGGRESSIVE;
				GCC_WARN_UNUSED_FUNCTION = YES;
				GCC_WARN_UNUSED_VARIABLE = YES;
				IPHONEOS_DEPLOYMENT_TARGET = 10.3;
				MTL_ENABLE_DEBUG_INFO = YES;
				ONLY_ACTIVE_ARCH = YES;
				SDKROOT = iphoneos;
				SWIFT_ACTIVE_COMPILATION_CONDITIONS = DEBUG;
				SWIFT_OPTIMIZATION_LEVEL = "-Onone";
				TARGETED_DEVICE_FAMILY = "1,2";
			};
			name = Debug;
		};
		216D42361EA0F97D009C83B1 /* Release */ = {
			isa = XCBuildConfiguration;
			buildSettings = {
				ALWAYS_SEARCH_USER_PATHS = NO;
				CLANG_ANALYZER_NONNULL = YES;
				CLANG_ANALYZER_NUMBER_OBJECT_CONVERSION = YES_AGGRESSIVE;
				CLANG_CXX_LANGUAGE_STANDARD = "gnu++0x";
				CLANG_CXX_LIBRARY = "libc++";
				CLANG_ENABLE_MODULES = YES;
				CLANG_ENABLE_OBJC_ARC = YES;
				CLANG_WARN_BOOL_CONVERSION = YES;
				CLANG_WARN_CONSTANT_CONVERSION = YES;
				CLANG_WARN_DIRECT_OBJC_ISA_USAGE = YES_ERROR;
				CLANG_WARN_DOCUMENTATION_COMMENTS = YES;
				CLANG_WARN_EMPTY_BODY = YES;
				CLANG_WARN_ENUM_CONVERSION = YES;
				CLANG_WARN_INFINITE_RECURSION = YES;
				CLANG_WARN_INT_CONVERSION = YES;
				CLANG_WARN_OBJC_ROOT_CLASS = YES_ERROR;
				CLANG_WARN_SUSPICIOUS_MOVE = YES;
				CLANG_WARN_UNREACHABLE_CODE = YES;
				CLANG_WARN__DUPLICATE_METHOD_MATCH = YES;
				"CODE_SIGN_IDENTITY[sdk=iphoneos*]" = "iPhone Developer";
				COPY_PHASE_STRIP = NO;
				DEBUG_INFORMATION_FORMAT = "dwarf-with-dsym";
				ENABLE_NS_ASSERTIONS = NO;
				ENABLE_STRICT_OBJC_MSGSEND = YES;
				GCC_C_LANGUAGE_STANDARD = gnu99;
				GCC_NO_COMMON_BLOCKS = YES;
				GCC_WARN_64_TO_32_BIT_CONVERSION = YES;
				GCC_WARN_ABOUT_RETURN_TYPE = YES_ERROR;
				GCC_WARN_UNDECLARED_SELECTOR = YES;
				GCC_WARN_UNINITIALIZED_AUTOS = YES_AGGRESSIVE;
				GCC_WARN_UNUSED_FUNCTION = YES;
				GCC_WARN_UNUSED_VARIABLE = YES;
				IPHONEOS_DEPLOYMENT_TARGET = 10.3;
				MTL_ENABLE_DEBUG_INFO = NO;
				SDKROOT = iphoneos;
				SWIFT_OPTIMIZATION_LEVEL = "-Owholemodule";
				TARGETED_DEVICE_FAMILY = "1,2";
				VALIDATE_PRODUCT = YES;
			};
			name = Release;
		};
		216D42381EA0F97D009C83B1 /* Debug */ = {
			isa = XCBuildConfiguration;
			buildSettings = {
				ASSETCATALOG_COMPILER_APPICON_NAME = AppIcon;
				DEVELOPMENT_TEAM = 7B656Y9UYB;
				INFOPLIST_FILE = Praxs/Info.plist;
				LD_RUNPATH_SEARCH_PATHS = "$(inherited) @executable_path/Frameworks";
				PRODUCT_BUNDLE_IDENTIFIER = com.hexaedre.Praxs;
				PRODUCT_NAME = "$(TARGET_NAME)";
				SWIFT_VERSION = 3.0;
			};
			name = Debug;
		};
		216D42391EA0F97D009C83B1 /* Release */ = {
			isa = XCBuildConfiguration;
			buildSettings = {
				ASSETCATALOG_COMPILER_APPICON_NAME = AppIcon;
				DEVELOPMENT_TEAM = 7B656Y9UYB;
				INFOPLIST_FILE = Praxs/Info.plist;
				LD_RUNPATH_SEARCH_PATHS = "$(inherited) @executable_path/Frameworks";
				PRODUCT_BUNDLE_IDENTIFIER = com.hexaedre.Praxs;
				PRODUCT_NAME = "$(TARGET_NAME)";
				SWIFT_VERSION = 3.0;
			};
			name = Release;
		};
/* End XCBuildConfiguration section */

/* Begin XCConfigurationList section */
		216D42201EA0F97C009C83B1 /* Build configuration list for PBXProject "Praxs" */ = {
			isa = XCConfigurationList;
			buildConfigurations = (
				216D42351EA0F97D009C83B1 /* Debug */,
				216D42361EA0F97D009C83B1 /* Release */,
			);
			defaultConfigurationIsVisible = 0;
			defaultConfigurationName = Release;
		};
		216D42371EA0F97D009C83B1 /* Build configuration list for PBXNativeTarget "Praxs" */ = {
			isa = XCConfigurationList;
			buildConfigurations = (
				216D42381EA0F97D009C83B1 /* Debug */,
				216D42391EA0F97D009C83B1 /* Release */,
			);
			defaultConfigurationIsVisible = 0;
			defaultConfigurationName = Release;
		};
/* End XCConfigurationList section */
	};
	rootObject = 216D421D1EA0F97C009C83B1 /* Project object */;
}
